
Microsoft Visual Studio Solution File, Format Version 12.00
# Visual Studio 15
VisualStudioVersion = 15.0.27703.2035
MinimumVisualStudioVersion = 10.0.40219.1
Project("{FAE04EC0-301F-11D3-BF4B-00C04F79EFBC}") = "AngularApi", "AngularApi\AngularApi.csproj", "{17C6FD2A-D001-4E9A-A120-8E105BC27969}"
EndProject
Global
	GlobalSection(SolutionConfigurationPlatforms) = preSolution
		Debug|Any CPU = Debug|Any CPU
		Release|Any CPU = Release|Any CPU
	EndGlobalSection
	GlobalSection(ProjectConfigurationPlatforms) = postSolution
		{17C6FD2A-D001-4E9A-A120-8E105BC27969}.Debug|Any CPU.ActiveCfg = Debug|Any CPU
		{17C6FD2A-D001-4E9A-A120-8E105BC27969}.Debug|Any CPU.Build.0 = Debug|Any CPU
		{17C6FD2A-D001-4E9A-A120-8E105BC27969}.Release|Any CPU.ActiveCfg = Release|Any CPU
		{17C6FD2A-D001-4E9A-A120-8E105BC27969}.Release|Any CPU.Build.0 = Release|Any CPU
	EndGlobalSection
	GlobalSection(SolutionProperties) = preSolution
		HideSolutionNode = FALSE
	EndGlobalSection
	GlobalSection(ExtensibilityGlobals) = postSolution
		SolutionGuid = {79972915-EA56-481D-8910-B7F1956FA050}
	EndGlobalSection
EndGlobal
